<?xml version="1.0" encoding="utf-8"?>
<Project ToolsVersion="4.0" xmlns="http://schemas.microsoft.com/developer/msbuild/2003">
  <ItemGroup>
    <Filter Include="Archivos de origen">
      <UniqueIdentifier>{4FC737F1-C7A5-4376-A066-2A32D752A2FF}</UniqueIdentifier>
      <Extensions>cpp;c;cc;cxx;c++;cppm;ixx;def;odl;idl;hpj;bat;asm;asmx</Extensions>
    </Filter>
    <Filter Include="Archivos de encabezado">
      <UniqueIdentifier>{93995380-89BD-4b04-88EB-625FBE52EBFB}</UniqueIdentifier>
      <Extensions>h;hh;hpp;hxx;h++;hm;inl;inc;ipp;xsd</Extensions>
    </Filter>
    <Filter Include="Archivos de recursos">
      <UniqueIdentifier>{67DA6AB6-F800-4c08-8B7A-83BB121AAD01}</UniqueIdentifier>
      <Extensions>rc;ico;cur;bmp;dlg;rc2;rct;bin;rgs;gif;jpg;jpeg;jpe;resx;tiff;tif;png;wav;mfcribbon-ms</Extensions>
    </Filter>
    <Filter Include="Archivos de recursos\BackGround">
      <UniqueIdentifier>{74091035-829f-40d8-802e-db493ad366a3}</UniqueIdentifier>
    </Filter>
    <Filter Include="Archivos de recursos\Menu">
      <UniqueIdentifier>{d7c85780-101c-4410-b914-dc3797939f88}</UniqueIdentifier>
    </Filter>
    <Filter Include="Archivos de recursos\Sprites">
      <UniqueIdentifier>{60dacd0c-4831-48bb-9a25-cdbc2e9b7167}</UniqueIdentifier>
    </Filter>
    <Filter Include="Archivos de recursos\Mapas">
      <UniqueIdentifier>{152163c1-7e27-4b9e-9ec1-81a8b0613574}</UniqueIdentifier>
    </Filter>
    <Filter Include="Archivos de recursos\In_game">
      <UniqueIdentifier>{ed63d00b-dc01-4bd0-9a3e-61ea9163ba82}</UniqueIdentifier>
    </Filter>
  </ItemGroup>
  <ItemGroup>
    <None Include="packages.config" />
  </ItemGroup>
  <ItemGroup>
    <ClCompile Include="principal.cpp">
      <Filter>Archivos de origen</Filter>
    </ClCompile>
  </ItemGroup>
  <ItemGroup>
    <ClInclude Include="Encabezados\archivos.h">
      <Filter>Archivos de encabezado</Filter>
    </ClInclude>
    <ClInclude Include="Encabezados\dibujado.h">
      <Filter>Archivos de encabezado</Filter>
    </ClInclude>
    <ClInclude Include="Encabezados\estructuras_funciones.h">
      <Filter>Archivos de encabezado</Filter>
    </ClInclude>
    <ClInclude Include="Encabezados\funciones_menu.h">
      <Filter>Archivos de encabezado</Filter>
    </ClInclude>
    <ClInclude Include="Encabezados\variables_globales.h">
      <Filter>Archivos de encabezado</Filter>
    </ClInclude>
  </ItemGroup>
  <ItemGroup>
    <Text Include="Archivos\Mapa_jefe.txt" />
    <Text Include="Archivos\Mapa_inicial.txt" />
    <Text Include="Archivos\wall_enemy.txt" />
  </ItemGroup>
  <ItemGroup>
    <Image Include="Screen\history.bmp">
      <Filter>Archivos de recursos</Filter>
    </Image>
    <Image Include="Screen\instructions0.bmp">
      <Filter>Archivos de recursos</Filter>
    </Image>
    <Image Include="Screen\instructions1.bmp">
      <Filter>Archivos de recursos</Filter>
    </Image>
    <Image Include="Screen\menu_0.bmp">
      <Filter>Archivos de recursos</Filter>
    </Image>
    <Image Include="Screen\menu_1.bmp">
      <Filter>Archivos de recursos</Filter>
    </Image>
    <Image Include="Screen\menu_2.bmp">
      <Filter>Archivos de recursos</Filter>
    </Image>
    <Image Include="Screen\menu_3.bmp">
      <Filter>Archivos de recursos</Filter>
    </Image>
    <Image Include="Screen\pause.bmp">
      <Filter>Archivos de recursos</Filter>
    </Image>
    <Image Include="Screen\ranking.bmp">
      <Filter>Archivos de recursos</Filter>
    </Image>
    <Image Include="Sprites\Escenario\bar.bmp">
      <Filter>Archivos de recursos</Filter>
    </Image>
    <Image Include="Sprites\Escenario\dirt.bmp">
      <Filter>Archivos de recursos</Filter>
    </Image>
    <Image Include="Sprites\Escenario\platform.bmp">
      <Filter>Archivos de recursos</Filter>
    </Image>
    <Image Include="Sprites\Escenario\power_up.bmp">
      <Filter>Archivos de recursos</Filter>
    </Image>
    <Image Include="Sprites\Escenario\profile.bmp">
      <Filter>Archivos de recursos</Filter>
    </Image>
    <Image Include="Sprites\Escenario\sky.bmp">
      <Filter>Archivos de recursos</Filter>
    </Image>
    <Image Include="Sprites\Jugador\jg0_Damage.bmp">
      <Filter>Archivos de recursos</Filter>
    </Image>
    <Image Include="Sprites\Jugador\jg0_Idle_Walk.bmp">
      <Filter>Archivos de recursos</Filter>
    </Image>
    <Image Include="Sprites\Jugador\jg0_Jump.bmp">
      <Filter>Archivos de recursos</Filter>
    </Image>
    <Image Include="Sprites\Jugador\jg0_Punch.bmp">
      <Filter>Archivos de recursos</Filter>
    </Image>
    <Image Include="Sprites\Jugador\jg1_Damage.bmp">
      <Filter>Archivos de recursos</Filter>
    </Image>
    <Image Include="Sprites\Jugador\jg1_Idle_Walk.bmp">
      <Filter>Archivos de recursos</Filter>
    </Image>
    <Image Include="Sprites\Jugador\jg1_Jump.bmp">
      <Filter>Archivos de recursos</Filter>
    </Image>
    <Image Include="Sprites\Jugador\jg1_Punch.bmp">
      <Filter>Archivos de recursos</Filter>
    </Image>
    <Image Include="Sprites\Enemigos\basket.png">
      <Filter>Archivos de recursos</Filter>
    </Image>
    <Image Include="Sprites\Enemigos\basketgif.gif">
      <Filter>Archivos de recursos</Filter>
    </Image>
    <Image Include="Sprites\Enemigos\futbol.png">
      <Filter>Archivos de recursos</Filter>
    </Image>
    <Image Include="Sprites\Enemigos\futbolgif.gif">
      <Filter>Archivos de recursos</Filter>
    </Image>
    <Image Include="Sprites\Enemigos\tennis.png">
      <Filter>Archivos de recursos</Filter>
    </Image>
    <Image Include="Screen\pause_1.png">
      <Filter>Archivos de recursos</Filter>
    </Image>
    <Image Include="Screen\pause_0.bmp">
      <Filter>Archivos de recursos</Filter>
    </Image>
    <Image Include="Screen\pause_2.png">
      <Filter>Archivos de recursos</Filter>
    </Image>
  </ItemGroup>
</Project>